
Microsoft Visual Studio Solution File, Format Version 12.00
# Visual Studio 14
VisualStudioVersion = 14.0.25123.0
MinimumVisualStudioVersion = 10.0.40219.1
Project("{FAE04EC0-301F-11D3-BF4B-00C04F79EFBC}") = "YazilimSinama", "YazilimSinama\YazilimSinama.csproj", "{4228094F-F356-4F4C-8846-7F9D276E6848}"
EndProject
Project("{FAE04EC0-301F-11D3-BF4B-00C04F79EFBC}") = "Test", "Test\Test.csproj", "{7F23A9E2-50FA-47E4-A8BF-44D94D474A91}"
EndProject
Global
	GlobalSection(SolutionConfigurationPlatforms) = preSolution
		Debug|Any CPU = Debug|Any CPU
		Release|Any CPU = Release|Any CPU
	EndGlobalSection
	GlobalSection(ProjectConfigurationPlatforms) = postSolution
		{4228094F-F356-4F4C-8846-7F9D276E6848}.Debug|Any CPU.ActiveCfg = Debug|Any CPU
		{4228094F-F356-4F4C-8846-7F9D276E6848}.Debug|Any CPU.Build.0 = Debug|Any CPU
		{4228094F-F356-4F4C-8846-7F9D276E6848}.Release|Any CPU.ActiveCfg = Release|Any CPU
		{4228094F-F356-4F4C-8846-7F9D276E6848}.Release|Any CPU.Build.0 = Release|Any CPU
		{7F23A9E2-50FA-47E4-A8BF-44D94D474A91}.Debug|Any CPU.ActiveCfg = Debug|Any CPU
		{7F23A9E2-50FA-47E4-A8BF-44D94D474A91}.Debug|Any CPU.Build.0 = Debug|Any CPU
		{7F23A9E2-50FA-47E4-A8BF-44D94D474A91}.Release|Any CPU.ActiveCfg = Release|Any CPU
		{7F23A9E2-50FA-47E4-A8BF-44D94D474A91}.Release|Any CPU.Build.0 = Release|Any CPU
	EndGlobalSection
	GlobalSection(SolutionProperties) = preSolution
		HideSolutionNode = FALSE
	EndGlobalSection
EndGlobal
